{
  "name": "test",
  "lockfileVersion": 3,
  "requires": true,
  "packages": {
    "": {
      "dependencies": {
        "pareto-core-dev": "^0.12.6",
        "pareto-host-nodejs": "^0.2.16",
        "pub": "file:../pub"
      }
    },
    "../pub": {
      "name": "pareto-json",
      "version": "0.3.20",
      "license": "Apache-2.0",
      "dependencies": {
        "astn-core": "^0.5.16",
        "liana-core": "^0.0.4",
        "pareto-core-shorthands": "^0.2.17",
        "pareto-fountain-pen": "^0.4.12"
      },
      "engines": {
        "node": ">=14.0.0"
      }
    },
    "node_modules/astn-core": {
      "version": "0.5.16",
      "resolved": "https://registry.npmjs.org/astn-core/-/astn-core-0.5.16.tgz",
      "integrity": "sha512-QesZ+zWXGrlobW2OxUNB5DRKbQc+C0kPrbTs+KflLv1ZFISxy/c28oJmAVQFiSn+opYOx/RPQaJQp3ktqWwbYg==",
      "license": "Apache-2.0",
      "dependencies": {
        "pareto-fountain-pen": "^0.4.11"
      }
    },
    "node_modules/pareto-core": {
      "version": "0.1.29",
      "resolved": "https://registry.npmjs.org/pareto-core/-/pareto-core-0.1.29.tgz",
      "integrity": "sha512-c6xn320n4+MB7a4uZskjAewcYh2iIfzKmo35BCdKFp4rm5qviuhIRQrjzawXBzzyCA9EhFhzMY+Xce2/pDBsBw==",
      "license": "ISC"
    },
    "node_modules/pareto-core-dev": {
      "version": "0.12.6",
      "resolved": "https://registry.npmjs.org/pareto-core-dev/-/pareto-core-dev-0.12.6.tgz",
      "integrity": "sha512-85V0ccj/OilXZc5wSJ/1qWV07AuvVHier1ZimdY0Hh92okF0nFiNBGxRtM5J+0jgiwCMbo1JLr/ucTsgA69D5g==",
      "license": "ISC",
      "dependencies": {
        "pareto-core": "^0.1.25"
      }
    },
    "node_modules/pareto-core-shorthands": {
      "version": "0.2.17",
      "resolved": "https://registry.npmjs.org/pareto-core-shorthands/-/pareto-core-shorthands-0.2.17.tgz",
      "integrity": "sha512-5j6bCRoTEzDHEWPBMnITA5Qf2qxNizhe5WjDLwbZrYK/OYIvJsYVZIUx/8kIUnBMNg8nk50cP4jOleEGZmKLPg==",
      "license": "ISC",
      "dependencies": {
        "pareto-core": "^0.1.25"
      }
    },
    "node_modules/pareto-fountain-pen": {
      "version": "0.4.12",
      "resolved": "https://registry.npmjs.org/pareto-fountain-pen/-/pareto-fountain-pen-0.4.12.tgz",
      "integrity": "sha512-83+US1pf7eVO9RXjXaWar9X12GA8nYJQSg5msG/e/Bl6u1BXwTetIngFEeR6nJ+tSJBP5v9oLPN8OC6EypDq7Q==",
      "license": "Apache-2.0",
      "dependencies": {
        "pareto-core": "^0.1.29",
        "pareto-core-shorthands": "^0.2.17"
      },
      "engines": {
        "node": ">=14.0.0"
      }
    },
    "node_modules/pareto-host-nodejs": {
      "version": "0.2.16",
      "resolved": "https://registry.npmjs.org/pareto-host-nodejs/-/pareto-host-nodejs-0.2.16.tgz",
      "integrity": "sha512-n+VpZwPHoSCeby1r+UaD+3pmDbzeRyCNlEylK1iKZ8nXjkAGO3Itq80DL2wy/QAAVMOyQFOKfpKlC9iO2b/lmw==",
      "license": "ISC",
      "dependencies": {
        "pareto-resources": "^0.2.20"
      }
    },
    "node_modules/pareto-resources": {
      "version": "0.2.20",
      "resolved": "https://registry.npmjs.org/pareto-resources/-/pareto-resources-0.2.20.tgz",
      "integrity": "sha512-xqU+tX2XAjcWbqN6CmeLcsbCXVj7mcJtmmJ7brwoF1KEC/V3N6P+Pv8fIMKtx/JBIoM9NxRBe281c4J3rK+lOQ==",
      "dependencies": {
        "astn-core": "^0.5.16",
        "pareto-fountain-pen": "^0.4.11"
      }
    },
    "node_modules/pub": {
      "resolved": "../pub",
      "link": true
    }
  }
}
