{
  "name": "pareto-json",
  "version": "0.1.1",
  "lockfileVersion": 3,
  "requires": true,
  "packages": {
    "": {
      "name": "pareto-json",
      "version": "0.1.1",
      "license": "Apache-2.0",
      "dependencies": {
        "exupery-core-alg": "^0.1.4",
        "exupery-core-data": "^0.1.10",
        "pareto-fountain-pen": "^0.1.13",
        "pareto-standard-operations": "^0.1.3"
      },
      "engines": {
        "node": ">=14.0.0"
      }
    },
    "node_modules/exupery-core-alg": {
      "version": "0.1.4",
      "resolved": "https://registry.npmjs.org/exupery-core-alg/-/exupery-core-alg-0.1.4.tgz",
      "integrity": "sha512-VPzKIUR5MoYq0Z8vT8pZLNh2kc9/P62+tqy4J2sIQEWcEHZy/uCInRThgFhsdVOn95Rm/CHwoQxwaVHghNX/1w==",
      "license": "ISC",
      "dependencies": {
        "exupery-core-internals": "^0.1.2"
      }
    },
    "node_modules/exupery-core-data": {
      "version": "0.1.10",
      "resolved": "https://registry.npmjs.org/exupery-core-data/-/exupery-core-data-0.1.10.tgz",
      "integrity": "sha512-PVyFQ57pZFvGzOiPMLlRxSEn1pW2Cz9kxN2lx6PxCQx9bFXN1JXRyv5fUH+jwR6CuY/TKn+UiiJr4eZPxjB4rA==",
      "license": "ISC",
      "dependencies": {
        "exupery-core-internals": "^0.1.2"
      }
    },
    "node_modules/exupery-core-dev": {
      "version": "0.1.1",
      "resolved": "https://registry.npmjs.org/exupery-core-dev/-/exupery-core-dev-0.1.1.tgz",
      "integrity": "sha512-skyM/gG1o3WsjwoY1hrXkvTZnmhtx6bYIiIyfFETc/JT7tQVWtipY+oExDs9SRNWWG8+hrxUMYH+oySSYpGojg==",
      "license": "ISC",
      "dependencies": {
        "exupery-core-internals": "^0.1.2"
      }
    },
    "node_modules/exupery-core-internals": {
      "version": "0.1.2",
      "resolved": "https://registry.npmjs.org/exupery-core-internals/-/exupery-core-internals-0.1.2.tgz",
      "integrity": "sha512-xwmtzAXsL9sixOq/3VQm9H6GKeGMvc/Bkzdvw+j8qlGZi+HBUh5vLnwX6qVdzP5p3KuQP08IgGj8SHtn5sPvZA==",
      "license": "ISC",
      "dependencies": {
        "exupery-core-types": "^0.1.0"
      }
    },
    "node_modules/exupery-core-resources": {
      "version": "0.2.2",
      "resolved": "https://registry.npmjs.org/exupery-core-resources/-/exupery-core-resources-0.2.2.tgz",
      "integrity": "sha512-caWt0uCjWzDZ7scN3YiobzoOyLbiCEOuLrQq5k5KXT+vDxp4EALgISSb1aephR1I50xrpPNiHjJ1V3Vue8+xUA==",
      "license": "ISC",
      "dependencies": {
        "exupery-core-internals": "^0.1.2"
      }
    },
    "node_modules/exupery-core-types": {
      "version": "0.1.1",
      "resolved": "https://registry.npmjs.org/exupery-core-types/-/exupery-core-types-0.1.1.tgz",
      "integrity": "sha512-aJcZz7hkY7jOUoEb1hzAtIekL/nmeYGVmXBa4yiKMMJLpa/k/78wI9AMyHQ73pN9jgPnyrw/AG5HbCUq+Fl3rw==",
      "license": "Apache-2.0"
    },
    "node_modules/pareto-fountain-pen": {
      "version": "0.1.13",
      "resolved": "https://registry.npmjs.org/pareto-fountain-pen/-/pareto-fountain-pen-0.1.13.tgz",
      "integrity": "sha512-lbn3AfcXSkhXmrOWzEpmj+PaQXFMZCYt8Sp00y0G3ADNrzL5AiaXLoBFr8TWsOzgstUX2SZpnlJpocOw8pAwpQ==",
      "license": "Apache-2.0",
      "dependencies": {
        "exupery-core-alg": "^0.1.4",
        "exupery-core-data": "^0.1.10",
        "exupery-core-dev": "^0.1.1",
        "exupery-core-resources": "^0.2.2",
        "pareto-standard-operations": "^0.1.3"
      },
      "engines": {
        "node": ">=14.0.0"
      }
    },
    "node_modules/pareto-standard-operations": {
      "version": "0.1.3",
      "resolved": "https://registry.npmjs.org/pareto-standard-operations/-/pareto-standard-operations-0.1.3.tgz",
      "integrity": "sha512-V9Hudwap+ZzN4bRyt9xynEYj4+inqxSzv5Zbvz/9C+nLIzdMMpj/shV386FqrQV8+9X+BiRoEu87RFu781wumQ==",
      "dependencies": {
        "exupery-core-alg": "^0.1.4"
      }
    }
  }
}
