{
  "name": "pareto-json",
  "version": "0.1.5",
  "lockfileVersion": 3,
  "requires": true,
  "packages": {
    "": {
      "name": "pareto-json",
      "version": "0.1.5",
      "license": "Apache-2.0",
      "dependencies": {
        "exupery-core-alg": "^0.1.7",
        "exupery-core-data": "^0.1.10",
        "pareto-fountain-pen": "^0.1.22",
        "pareto-standard-operations": "^0.1.5"
      },
      "engines": {
        "node": ">=14.0.0"
      }
    },
    "node_modules/exupery-core-alg": {
      "version": "0.1.7",
      "resolved": "https://registry.npmjs.org/exupery-core-alg/-/exupery-core-alg-0.1.7.tgz",
      "integrity": "sha512-+hBcIWtIpWP8Dh5sP5HB6/S+FP5ZYQHkSA0WE5v1uKF4qRE9ClHwnM6dJMtFVcmglhzJ4sSmWZ/jj5bcXT+Krg==",
      "license": "ISC",
      "dependencies": {
        "exupery-core-internals": "^0.1.7"
      }
    },
    "node_modules/exupery-core-async": {
      "version": "0.1.10",
      "resolved": "https://registry.npmjs.org/exupery-core-async/-/exupery-core-async-0.1.10.tgz",
      "integrity": "sha512-wOp4/LIuXn96mMUkS661nZrXNCu81AdyuGvUlD8M3yHfPdgS+neW54hwgVfXyXPcPDGCuusZscnnDkoEcshRpg==",
      "license": "Apache-2.0",
      "dependencies": {
        "exupery-core-internals": "^0.1.7"
      }
    },
    "node_modules/exupery-core-data": {
      "version": "0.1.10",
      "resolved": "https://registry.npmjs.org/exupery-core-data/-/exupery-core-data-0.1.10.tgz",
      "integrity": "sha512-PVyFQ57pZFvGzOiPMLlRxSEn1pW2Cz9kxN2lx6PxCQx9bFXN1JXRyv5fUH+jwR6CuY/TKn+UiiJr4eZPxjB4rA==",
      "license": "ISC",
      "dependencies": {
        "exupery-core-internals": "^0.1.2"
      }
    },
    "node_modules/exupery-core-dev": {
      "version": "0.1.1",
      "resolved": "https://registry.npmjs.org/exupery-core-dev/-/exupery-core-dev-0.1.1.tgz",
      "integrity": "sha512-skyM/gG1o3WsjwoY1hrXkvTZnmhtx6bYIiIyfFETc/JT7tQVWtipY+oExDs9SRNWWG8+hrxUMYH+oySSYpGojg==",
      "license": "ISC",
      "dependencies": {
        "exupery-core-internals": "^0.1.2"
      }
    },
    "node_modules/exupery-core-internals": {
      "version": "0.1.7",
      "resolved": "https://registry.npmjs.org/exupery-core-internals/-/exupery-core-internals-0.1.7.tgz",
      "integrity": "sha512-oxefHVVLN+yeOaTjPAOK7BqiahEfseT/FHntw0lhclaWf9+ln77z/6GlqG+ckfai5i3AVQN1tqQerVVB7E7Y8g==",
      "license": "ISC",
      "dependencies": {
        "exupery-core-types": "^0.1.5"
      }
    },
    "node_modules/exupery-core-types": {
      "version": "0.1.5",
      "resolved": "https://registry.npmjs.org/exupery-core-types/-/exupery-core-types-0.1.5.tgz",
      "integrity": "sha512-Bl8fkfpSUCubn3AdJ4W8rDrByfZJpkp0qEGoHxE1CvC8hWBMiWeEX7A7qAQaw1zsmkpOH1qyPORZhIhNS3RfQw==",
      "license": "Apache-2.0"
    },
    "node_modules/exupery-resources": {
      "version": "0.1.1",
      "resolved": "https://registry.npmjs.org/exupery-resources/-/exupery-resources-0.1.1.tgz",
      "integrity": "sha512-OGnl6S20Va1aJGINtMbsMTF3IVzAguckhhw6LOihi0eXsJYHJXMXmOpqu6MXkDadSJ0AvYpJYcQwNQe9EfKg6Q==",
      "dependencies": {
        "exupery-core-alg": "^0.1.7",
        "exupery-core-async": "^0.1.10",
        "exupery-core-dev": "^0.1.1"
      }
    },
    "node_modules/exupery-standard-library": {
      "version": "0.1.9",
      "resolved": "https://registry.npmjs.org/exupery-standard-library/-/exupery-standard-library-0.1.9.tgz",
      "integrity": "sha512-jdLn2Q2/ghKiCvZcNlSao5hvcrgRwi7rBG+XBhXPN6bc9fjIIhRHzBe214LKFszdn7vvKGAltoQmqdpRHIiAyQ==",
      "dependencies": {
        "exupery-core-alg": "^0.1.7",
        "exupery-core-dev": "^0.1.1"
      }
    },
    "node_modules/pareto-fountain-pen": {
      "version": "0.1.22",
      "resolved": "https://registry.npmjs.org/pareto-fountain-pen/-/pareto-fountain-pen-0.1.22.tgz",
      "integrity": "sha512-6mV5KqoiLVBNgBLv6ez5+LvGZkstOrlnfimRj3oBPqceNbIlErslthUidQ39KVBnMk3agKd5UrhrQX1BCkXPIw==",
      "license": "Apache-2.0",
      "dependencies": {
        "exupery-core-alg": "^0.1.7",
        "exupery-core-data": "^0.1.10",
        "exupery-core-dev": "^0.1.1",
        "exupery-resources": "^0.1.1",
        "exupery-standard-library": "^0.1.9",
        "pareto-standard-operations": "^0.1.5"
      },
      "engines": {
        "node": ">=14.0.0"
      }
    },
    "node_modules/pareto-standard-operations": {
      "version": "0.1.5",
      "resolved": "https://registry.npmjs.org/pareto-standard-operations/-/pareto-standard-operations-0.1.5.tgz",
      "integrity": "sha512-TF0KsAVXUOnP5niS5gPWgx4iX5G2sLttyqlK0fg8f7H182IF0pN7H1HJKCiuuwo0qHgjKJ3LtY6JugfHzfAQIA==",
      "dependencies": {
        "exupery-core-alg": "^0.1.7",
        "exupery-standard-library": "^0.1.6"
      }
    }
  }
}
