{
  "name": "pareto-json",
  "version": "0.3.20",
  "lockfileVersion": 3,
  "requires": true,
  "packages": {
    "": {
      "name": "pareto-json",
      "version": "0.3.20",
      "license": "Apache-2.0",
      "dependencies": {
        "astn-core": "^0.5.16",
        "liana-core": "^0.0.4",
        "pareto-core-shorthands": "^0.2.17",
        "pareto-fountain-pen": "^0.4.12"
      },
      "engines": {
        "node": ">=14.0.0"
      }
    },
    "node_modules/astn-core": {
      "version": "0.5.16",
      "resolved": "https://registry.npmjs.org/astn-core/-/astn-core-0.5.16.tgz",
      "integrity": "sha512-QesZ+zWXGrlobW2OxUNB5DRKbQc+C0kPrbTs+KflLv1ZFISxy/c28oJmAVQFiSn+opYOx/RPQaJQp3ktqWwbYg==",
      "license": "Apache-2.0",
      "dependencies": {
        "pareto-fountain-pen": "^0.4.11"
      }
    },
    "node_modules/liana-core": {
      "version": "0.0.4",
      "resolved": "https://registry.npmjs.org/liana-core/-/liana-core-0.0.4.tgz",
      "integrity": "sha512-ZVkFiyU6xX+TQS0o86A2gb9IGPnCmUIvHMEpsfSrM1SbGZvyQVi8YVx3hXED0onTd/bd1DAZ71sD9/hRHzKFeg==",
      "dependencies": {
        "astn-core": "^0.5.15",
        "pareto-core": "^0.1.23"
      }
    },
    "node_modules/pareto-core": {
      "version": "0.1.29",
      "resolved": "https://registry.npmjs.org/pareto-core/-/pareto-core-0.1.29.tgz",
      "integrity": "sha512-c6xn320n4+MB7a4uZskjAewcYh2iIfzKmo35BCdKFp4rm5qviuhIRQrjzawXBzzyCA9EhFhzMY+Xce2/pDBsBw==",
      "license": "ISC"
    },
    "node_modules/pareto-core-shorthands": {
      "version": "0.2.17",
      "resolved": "https://registry.npmjs.org/pareto-core-shorthands/-/pareto-core-shorthands-0.2.17.tgz",
      "integrity": "sha512-5j6bCRoTEzDHEWPBMnITA5Qf2qxNizhe5WjDLwbZrYK/OYIvJsYVZIUx/8kIUnBMNg8nk50cP4jOleEGZmKLPg==",
      "license": "ISC",
      "dependencies": {
        "pareto-core": "^0.1.25"
      }
    },
    "node_modules/pareto-fountain-pen": {
      "version": "0.4.12",
      "resolved": "https://registry.npmjs.org/pareto-fountain-pen/-/pareto-fountain-pen-0.4.12.tgz",
      "integrity": "sha512-83+US1pf7eVO9RXjXaWar9X12GA8nYJQSg5msG/e/Bl6u1BXwTetIngFEeR6nJ+tSJBP5v9oLPN8OC6EypDq7Q==",
      "license": "Apache-2.0",
      "dependencies": {
        "pareto-core": "^0.1.29",
        "pareto-core-shorthands": "^0.2.17"
      },
      "engines": {
        "node": ">=14.0.0"
      }
    }
  }
}
